{
  "version": 4,
  "terraform_version": "1.11.3",
  "serial": 19,
  "lineage": "ce6fcc98-60a0-cbbb-7235-39244c5c87ab",
  "outputs": {
    "ec2_private_ip": {
      "value": "172.31.80.221",
      "type": "string"
    },
    "ec2_public_dns": {
      "value": "ec2-54-152-237-245.compute-1.amazonaws.com",
      "type": "string"
    },
    "ec2_public_ip": {
      "value": "54.152.237.245",
      "type": "string"
    }
  },
  "resources": [
    {
      "mode": "managed",
      "type": "aws_default_vpc",
      "name": "default",
      "provider": "provider[\"registry.terraform.io/hashicorp/aws\"]",
      "instances": [
        {
          "schema_version": 1,
          "attributes": {
            "arn": "arn:aws:ec2:us-east-1:909951342027:vpc/vpc-0ef007b28a7fd5ac4",
            "assign_generated_ipv6_cidr_block": false,
            "cidr_block": "172.31.0.0/16",
            "default_network_acl_id": "acl-0373500649c95161e",
            "default_route_table_id": "rtb-0351e9277a2df9b7b",
            "default_security_group_id": "sg-0a488d0616372dd8b",
            "dhcp_options_id": "dopt-06f9b53ca57798baf",
            "enable_dns_hostnames": true,
            "enable_dns_support": true,
            "enable_network_address_usage_metrics": false,
            "existing_default_vpc": true,
            "force_destroy": false,
            "id": "vpc-0ef007b28a7fd5ac4",
            "instance_tenancy": "default",
            "ipv6_association_id": "",
            "ipv6_cidr_block": "",
            "ipv6_cidr_block_network_border_group": "",
            "ipv6_ipam_pool_id": "",
            "ipv6_netmask_length": 0,
            "main_route_table_id": "rtb-0351e9277a2df9b7b",
            "owner_id": "909951342027",
            "tags": {
              "Name": "Default VPC"
            },
            "tags_all": {
              "Name": "Default VPC"
            }
          },
          "sensitive_attributes": [],
          "private": "eyJzY2hlbWFfdmVyc2lvbiI6IjEifQ=="
        }
      ]
    },
    {
      "mode": "managed",
      "type": "aws_instance",
      "name": "second-project",
      "provider": "provider[\"registry.terraform.io/hashicorp/aws\"]",
      "instances": [
        {
          "schema_version": 1,
          "attributes": {
            "ami": "ami-084568db4383264d4",
            "arn": "arn:aws:ec2:us-east-1:909951342027:instance/i-0f4f4844231c63b9a",
            "associate_public_ip_address": true,
            "availability_zone": "us-east-1b",
            "capacity_reservation_specification": [
              {
                "capacity_reservation_preference": "open",
                "capacity_reservation_target": []
              }
            ],
            "cpu_core_count": 1,
            "cpu_options": [
              {
                "amd_sev_snp": "",
                "core_count": 1,
                "threads_per_core": 1
              }
            ],
            "cpu_threads_per_core": 1,
            "credit_specification": [
              {
                "cpu_credits": "standard"
              }
            ],
            "disable_api_stop": false,
            "disable_api_termination": false,
            "ebs_block_device": [],
            "ebs_optimized": false,
            "enable_primary_ipv6": null,
            "enclave_options": [
              {
                "enabled": false
              }
            ],
            "ephemeral_block_device": [],
            "get_password_data": false,
            "hibernation": false,
            "host_id": "",
            "host_resource_group_arn": null,
            "iam_instance_profile": "",
            "id": "i-0f4f4844231c63b9a",
            "instance_initiated_shutdown_behavior": "stop",
            "instance_lifecycle": "",
            "instance_market_options": [],
            "instance_state": "running",
            "instance_type": "t2.micro",
            "ipv6_address_count": 0,
            "ipv6_addresses": [],
            "key_name": "terra-second-project-key",
            "launch_template": [],
            "maintenance_options": [
              {
                "auto_recovery": "default"
              }
            ],
            "metadata_options": [
              {
                "http_endpoint": "enabled",
                "http_protocol_ipv6": "disabled",
                "http_put_response_hop_limit": 2,
                "http_tokens": "required",
                "instance_metadata_tags": "disabled"
              }
            ],
            "monitoring": false,
            "network_interface": [],
            "outpost_arn": "",
            "password_data": "",
            "placement_group": "",
            "placement_partition_number": 0,
            "primary_network_interface_id": "eni-0fd51773c5abf1f8c",
            "private_dns": "ip-172-31-80-221.ec2.internal",
            "private_dns_name_options": [
              {
                "enable_resource_name_dns_a_record": false,
                "enable_resource_name_dns_aaaa_record": false,
                "hostname_type": "ip-name"
              }
            ],
            "private_ip": "172.31.80.221",
            "public_dns": "ec2-54-152-237-245.compute-1.amazonaws.com",
            "public_ip": "54.152.237.245",
            "root_block_device": [
              {
                "delete_on_termination": true,
                "device_name": "/dev/sda1",
                "encrypted": false,
                "iops": 3000,
                "kms_key_id": "",
                "tags": null,
                "tags_all": {},
                "throughput": 125,
                "volume_id": "vol-0a0d58085138e576d",
                "volume_size": 8,
                "volume_type": "gp3"
              }
            ],
            "secondary_private_ips": [],
            "security_groups": [
              "automate-sg"
            ],
            "source_dest_check": true,
            "spot_instance_request_id": "",
            "subnet_id": "subnet-02e7926d47e3bd40d",
            "tags": {
              "Name": "second-project"
            },
            "tags_all": {
              "Name": "second-project"
            },
            "tenancy": "default",
            "timeouts": null,
            "user_data": null,
            "user_data_base64": null,
            "user_data_replace_on_change": false,
            "volume_tags": null,
            "vpc_security_group_ids": [
              "sg-05516d24b1e3bb536"
            ]
          },
          "sensitive_attributes": [],
          "private": "eyJlMmJmYjczMC1lY2FhLTExZTYtOGY4OC0zNDM2M2JjN2M0YzAiOnsiY3JlYXRlIjo2MDAwMDAwMDAwMDAsImRlbGV0ZSI6MTIwMDAwMDAwMDAwMCwicmVhZCI6OTAwMDAwMDAwMDAwLCJ1cGRhdGUiOjYwMDAwMDAwMDAwMH0sInNjaGVtYV92ZXJzaW9uIjoiMSJ9",
          "dependencies": [
            "aws_default_vpc.default",
            "aws_key_pair.my-key",
            "aws_security_group.my-security-group"
          ]
        }
      ]
    },
    {
      "mode": "managed",
      "type": "aws_key_pair",
      "name": "my-key",
      "provider": "provider[\"registry.terraform.io/hashicorp/aws\"]",
      "instances": [
        {
          "schema_version": 1,
          "attributes": {
            "arn": "arn:aws:ec2:us-east-1:909951342027:key-pair/terra-second-project-key",
            "fingerprint": "67:c2:5c:f3:0e:ed:5a:bd:27:4a:d4:fd:ff:93:c4:5c",
            "id": "terra-second-project-key",
            "key_name": "terra-second-project-key",
            "key_name_prefix": "",
            "key_pair_id": "key-0d4deacadb2121c69",
            "key_type": "rsa",
            "public_key": "ssh-rsa AAAAB3NzaC1yc2EAAAADAQABAAABgQCzMGH6iHIKiaioVhauXe0yf8iGZxJz4z3NMUYIJhkroM3jMfcQKF8MoQEIaaK9gbAnTbO94bx7pFf0AqTeozCi72toUW4tWk+HlUANc3ux6XBYMAR5jHS6dqnIFvuXkUR+PqaCrHg3qBN7lC4uoCEvJzYdX9W9p6PnP+ViPF4mnSyivZ3Qzscf3C/BHcb91OvpnOIDkoKzgNK22b/y2jJ9NZi6VfhjPkdnrXYB0dW8ill2WfVF+y1b9kX+pSJloU1Lx8FC6aYa4WsK0JcAxEGcYYb52tNqS/yOGF2ZJXeK9m+sB6rcnbjGtEDIWW7NS4EoPt+Uj3GZkjqnsi6NyXBWv/e2fgVoeaWwBF9KyuvbP9XXVYI51KaZFOdM2uQi50suBXaHPfGr5VbkrsHQTGszGdt1INLc/FFPUjkwGCZuV2t7SwH9yBRlFuKMqBvQvLeAzC1/KmQFoZGWDfPgGfSK5g62EIKFwdv9fV1Q/50ZCxyG/+gFaBle7A9Rebn1NB0= himanshu@himanshu-VirtualBox",
            "tags": null,
            "tags_all": {}
          },
          "sensitive_attributes": [],
          "private": "eyJzY2hlbWFfdmVyc2lvbiI6IjEifQ=="
        }
      ]
    },
    {
      "mode": "managed",
      "type": "aws_security_group",
      "name": "my-security-group",
      "provider": "provider[\"registry.terraform.io/hashicorp/aws\"]",
      "instances": [
        {
          "schema_version": 1,
          "attributes": {
            "arn": "arn:aws:ec2:us-east-1:909951342027:security-group/sg-05516d24b1e3bb536",
            "description": "this is security group",
            "egress": [
              {
                "cidr_blocks": [
                  "0.0.0.0/0"
                ],
                "description": "all access open outbound",
                "from_port": 0,
                "ipv6_cidr_blocks": [],
                "prefix_list_ids": [],
                "protocol": "-1",
                "security_groups": [],
                "self": false,
                "to_port": 0
              }
            ],
            "id": "sg-05516d24b1e3bb536",
            "ingress": [
              {
                "cidr_blocks": [
                  "0.0.0.0/0"
                ],
                "description": "SSH Open",
                "from_port": 22,
                "ipv6_cidr_blocks": [],
                "prefix_list_ids": [],
                "protocol": "tcp",
                "security_groups": [],
                "self": false,
                "to_port": 22
              },
              {
                "cidr_blocks": [
                  "0.0.0.0/0"
                ],
                "description": "http Open",
                "from_port": 80,
                "ipv6_cidr_blocks": [],
                "prefix_list_ids": [],
                "protocol": "tcp",
                "security_groups": [],
                "self": false,
                "to_port": 80
              }
            ],
            "name": "automate-sg",
            "name_prefix": "",
            "owner_id": "909951342027",
            "revoke_rules_on_delete": false,
            "tags": {
              "Name": "automate-sg"
            },
            "tags_all": {
              "Name": "automate-sg"
            },
            "timeouts": null,
            "vpc_id": "vpc-0ef007b28a7fd5ac4"
          },
          "sensitive_attributes": [],
          "private": "eyJlMmJmYjczMC1lY2FhLTExZTYtOGY4OC0zNDM2M2JjN2M0YzAiOnsiY3JlYXRlIjo2MDAwMDAwMDAwMDAsImRlbGV0ZSI6OTAwMDAwMDAwMDAwfSwic2NoZW1hX3ZlcnNpb24iOiIxIn0=",
          "dependencies": [
            "aws_default_vpc.default"
          ]
        }
      ]
    }
  ],
  "check_results": null
}
